
Microsoft Visual Studio Solution File, Format Version 12.00
# Visual Studio Version 16
VisualStudioVersion = 16.0.30804.86
MinimumVisualStudioVersion = 10.0.40219.1
Project("{9A19103F-16F7-4668-BE54-9A1E7A4F7556}") = "Craftplacer.IRC.Tests", "Craftplacer.IRC.Tests\Craftplacer.IRC.Tests.csproj", "{4F2CD047-B83E-4641-8D0F-6D8D7B4A3A90}"
EndProject
Project("{9A19103F-16F7-4668-BE54-9A1E7A4F7556}") = "Craftplacer.IRC.Example", "Craftplacer.IRC.Example\Craftplacer.IRC.Example.csproj", "{80D1D8A0-65F5-4C1D-9B49-37A487205DDB}"
EndProject
Project("{FAE04EC0-301F-11D3-BF4B-00C04F79EFBC}") = "Craftplacer.IRC", "Craftplacer.IRC\Craftplacer.IRC.csproj", "{8789ED4C-0C46-46B2-A0AC-42B00CCC363B}"
EndProject
Global
	GlobalSection(SolutionConfigurationPlatforms) = preSolution
		Debug|Any CPU = Debug|Any CPU
		Release|Any CPU = Release|Any CPU
	EndGlobalSection
	GlobalSection(ProjectConfigurationPlatforms) = postSolution
		{4F2CD047-B83E-4641-8D0F-6D8D7B4A3A90}.Debug|Any CPU.ActiveCfg = Debug|Any CPU
		{4F2CD047-B83E-4641-8D0F-6D8D7B4A3A90}.Debug|Any CPU.Build.0 = Debug|Any CPU
		{4F2CD047-B83E-4641-8D0F-6D8D7B4A3A90}.Release|Any CPU.ActiveCfg = Release|Any CPU
		{4F2CD047-B83E-4641-8D0F-6D8D7B4A3A90}.Release|Any CPU.Build.0 = Release|Any CPU
		{80D1D8A0-65F5-4C1D-9B49-37A487205DDB}.Debug|Any CPU.ActiveCfg = Debug|Any CPU
		{80D1D8A0-65F5-4C1D-9B49-37A487205DDB}.Debug|Any CPU.Build.0 = Debug|Any CPU
		{80D1D8A0-65F5-4C1D-9B49-37A487205DDB}.Release|Any CPU.ActiveCfg = Release|Any CPU
		{80D1D8A0-65F5-4C1D-9B49-37A487205DDB}.Release|Any CPU.Build.0 = Release|Any CPU
		{8789ED4C-0C46-46B2-A0AC-42B00CCC363B}.Debug|Any CPU.ActiveCfg = Debug|Any CPU
		{8789ED4C-0C46-46B2-A0AC-42B00CCC363B}.Debug|Any CPU.Build.0 = Debug|Any CPU
		{8789ED4C-0C46-46B2-A0AC-42B00CCC363B}.Release|Any CPU.ActiveCfg = Release|Any CPU
		{8789ED4C-0C46-46B2-A0AC-42B00CCC363B}.Release|Any CPU.Build.0 = Release|Any CPU
	EndGlobalSection
	GlobalSection(SolutionProperties) = preSolution
		HideSolutionNode = FALSE
	EndGlobalSection
	GlobalSection(ExtensibilityGlobals) = postSolution
		SolutionGuid = {549D54C4-5053-4ACA-9F61-6FC943D03683}
	EndGlobalSection
EndGlobal
